{
  "object": {
    "pins": [
      {
        "package": "ResizableSheet",
        "repositoryURL": "https://github.com/mtj0928/ResizableSheet",
        "state": {
          "branch": "main",
          "revision": "73d34fe781f3d4e2f4227af1d7fafce232766365",
          "version": null
        }
      }
    ]
  },
  "version": 1
}
