// !$*UTF8*$!
{
	archiveVersion = 1;
	classes = {
	};
	objectVersion = 55;
	objects = {

/* Begin PBXBuildFile section */
		186592C026F86BCB00307D2E /* FullCustomizedSheet.swift in Sources */ = {isa = PBXBuildFile; fileRef = 186592BF26F86BCB00307D2E /* FullCustomizedSheet.swift */; };
		187E23FA26FCC47700BA21F3 /* MultiSheet.swift in Sources */ = {isa = PBXBuildFile; fileRef = 187E23F926FCC47700BA21F3 /* MultiSheet.swift */; };
		1898384B26F39CAB00A797C7 /* AppDelegate.swift in Sources */ = {isa = PBXBuildFile; fileRef = 1898384A26F39CAB00A797C7 /* AppDelegate.swift */; };
		1898384D26F39CAB00A797C7 /* SceneDelegate.swift in Sources */ = {isa = PBXBuildFile; fileRef = 1898384C26F39CAB00A797C7 /* SceneDelegate.swift */; };
		1898385426F39CAC00A797C7 /* Assets.xcassets in Resources */ = {isa = PBXBuildFile; fileRef = 1898385326F39CAC00A797C7 /* Assets.xcassets */; };
		1898385726F39CAC00A797C7 /* LaunchScreen.storyboard in Resources */ = {isa = PBXBuildFile; fileRef = 1898385526F39CAC00A797C7 /* LaunchScreen.storyboard */; };
		1898385F26F39D2400A797C7 /* RootView.swift in Sources */ = {isa = PBXBuildFile; fileRef = 1898385E26F39D2400A797C7 /* RootView.swift */; };
		1898386226F39E1800A797C7 /* ResizableSheet in Frameworks */ = {isa = PBXBuildFile; productRef = 1898386126F39E1800A797C7 /* ResizableSheet */; };
		1898386426F39F6300A797C7 /* SimpleSheet.swift in Sources */ = {isa = PBXBuildFile; fileRef = 1898386326F39F6300A797C7 /* SimpleSheet.swift */; };
		1898386626F4971800A797C7 /* ComplexSheet.swift in Sources */ = {isa = PBXBuildFile; fileRef = 1898386526F4971800A797C7 /* ComplexSheet.swift */; };
		189D6E5626FAB54E0025AB4D /* DynamicLayoutSheet.swift in Sources */ = {isa = PBXBuildFile; fileRef = 189D6E5526FAB54E0025AB4D /* DynamicLayoutSheet.swift */; };
		189D6E5826FB6CB20025AB4D /* MediumSheet.swift in Sources */ = {isa = PBXBuildFile; fileRef = 189D6E5726FB6CB20025AB4D /* MediumSheet.swift */; };
		189D6E5A26FB88D70025AB4D /* ParentControllabelSheet .swift in Sources */ = {isa = PBXBuildFile; fileRef = 189D6E5926FB88D70025AB4D /* ParentControllabelSheet .swift */; };
		189D6E5C26FC1C560025AB4D /* ScrollableSheet.swift in Sources */ = {isa = PBXBuildFile; fileRef = 189D6E5B26FC1C560025AB4D /* ScrollableSheet.swift */; };
/* End PBXBuildFile section */

/* Begin PBXFileReference section */
		186592BF26F86BCB00307D2E /* FullCustomizedSheet.swift */ = {isa = PBXFileReference; lastKnownFileType = sourcecode.swift; path = FullCustomizedSheet.swift; sourceTree = "<group>"; };
		187E23F926FCC47700BA21F3 /* MultiSheet.swift */ = {isa = PBXFileReference; lastKnownFileType = sourcecode.swift; path = MultiSheet.swift; sourceTree = "<group>"; };
		1898384726F39CAB00A797C7 /* ResizableSheetDemo.app */ = {isa = PBXFileReference; explicitFileType = wrapper.application; includeInIndex = 0; path = ResizableSheetDemo.app; sourceTree = BUILT_PRODUCTS_DIR; };
		1898384A26F39CAB00A797C7 /* AppDelegate.swift */ = {isa = PBXFileReference; lastKnownFileType = sourcecode.swift; path = AppDelegate.swift; sourceTree = "<group>"; };
		1898384C26F39CAB00A797C7 /* SceneDelegate.swift */ = {isa = PBXFileReference; lastKnownFileType = sourcecode.swift; path = SceneDelegate.swift; sourceTree = "<group>"; };
		1898385326F39CAC00A797C7 /* Assets.xcassets */ = {isa = PBXFileReference; lastKnownFileType = folder.assetcatalog; path = Assets.xcassets; sourceTree = "<group>"; };
		1898385626F39CAC00A797C7 /* Base */ = {isa = PBXFileReference; lastKnownFileType = file.storyboard; name = Base; path = Base.lproj/LaunchScreen.storyboard; sourceTree = "<group>"; };
		1898385826F39CAC00A797C7 /* Info.plist */ = {isa = PBXFileReference; lastKnownFileType = text.plist.xml; path = Info.plist; sourceTree = "<group>"; };
		1898385E26F39D2400A797C7 /* RootView.swift */ = {isa = PBXFileReference; lastKnownFileType = sourcecode.swift; path = RootView.swift; sourceTree = "<group>"; };
		1898386326F39F6300A797C7 /* SimpleSheet.swift */ = {isa = PBXFileReference; lastKnownFileType = sourcecode.swift; path = SimpleSheet.swift; sourceTree = "<group>"; };
		1898386526F4971800A797C7 /* ComplexSheet.swift */ = {isa = PBXFileReference; lastKnownFileType = sourcecode.swift; path = ComplexSheet.swift; sourceTree = "<group>"; };
		189D6E5526FAB54E0025AB4D /* DynamicLayoutSheet.swift */ = {isa = PBXFileReference; lastKnownFileType = sourcecode.swift; path = DynamicLayoutSheet.swift; sourceTree = "<group>"; };
		189D6E5726FB6CB20025AB4D /* MediumSheet.swift */ = {isa = PBXFileReference; lastKnownFileType = sourcecode.swift; path = MediumSheet.swift; sourceTree = "<group>"; };
		189D6E5926FB88D70025AB4D /* ParentControllabelSheet .swift */ = {isa = PBXFileReference; lastKnownFileType = sourcecode.swift; path = "ParentControllabelSheet .swift"; sourceTree = "<group>"; };
		189D6E5B26FC1C560025AB4D /* ScrollableSheet.swift */ = {isa = PBXFileReference; lastKnownFileType = sourcecode.swift; path = ScrollableSheet.swift; sourceTree = "<group>"; };
/* End PBXFileReference section */

/* Begin PBXFrameworksBuildPhase section */
		1898384426F39CAB00A797C7 /* Frameworks */ = {
			isa = PBXFrameworksBuildPhase;
			buildActionMask = 2147483647;
			files = (
				1898386226F39E1800A797C7 /* ResizableSheet in Frameworks */,
			);
			runOnlyForDeploymentPostprocessing = 0;
		};
/* End PBXFrameworksBuildPhase section */

/* Begin PBXGroup section */
		1898383E26F39CAB00A797C7 = {
			isa = PBXGroup;
			children = (
				1898384926F39CAB00A797C7 /* ResizableSheetDemo */,
				1898384826F39CAB00A797C7 /* Products */,
			);
			sourceTree = "<group>";
		};
		1898384826F39CAB00A797C7 /* Products */ = {
			isa = PBXGroup;
			children = (
				1898384726F39CAB00A797C7 /* ResizableSheetDemo.app */,
			);
			name = Products;
			sourceTree = "<group>";
		};
		1898384926F39CAB00A797C7 /* ResizableSheetDemo */ = {
			isa = PBXGroup;
			children = (
				1898384A26F39CAB00A797C7 /* AppDelegate.swift */,
				1898384C26F39CAB00A797C7 /* SceneDelegate.swift */,
				1898385E26F39D2400A797C7 /* RootView.swift */,
				1898386326F39F6300A797C7 /* SimpleSheet.swift */,
				187E23F926FCC47700BA21F3 /* MultiSheet.swift */,
				189D6E5526FAB54E0025AB4D /* DynamicLayoutSheet.swift */,
				189D6E5726FB6CB20025AB4D /* MediumSheet.swift */,
				189D6E5926FB88D70025AB4D /* ParentControllabelSheet .swift */,
				189D6E5B26FC1C560025AB4D /* ScrollableSheet.swift */,
				1898386526F4971800A797C7 /* ComplexSheet.swift */,
				186592BF26F86BCB00307D2E /* FullCustomizedSheet.swift */,
				1898385326F39CAC00A797C7 /* Assets.xcassets */,
				1898385526F39CAC00A797C7 /* LaunchScreen.storyboard */,
				1898385826F39CAC00A797C7 /* Info.plist */,
			);
			path = ResizableSheetDemo;
			sourceTree = "<group>";
		};
/* End PBXGroup section */

/* Begin PBXNativeTarget section */
		1898384626F39CAB00A797C7 /* ResizableSheetDemo */ = {
			isa = PBXNativeTarget;
			buildConfigurationList = 1898385B26F39CAC00A797C7 /* Build configuration list for PBXNativeTarget "ResizableSheetDemo" */;
			buildPhases = (
				1898384326F39CAB00A797C7 /* Sources */,
				1898384426F39CAB00A797C7 /* Frameworks */,
				1898384526F39CAB00A797C7 /* Resources */,
			);
			buildRules = (
			);
			dependencies = (
			);
			name = ResizableSheetDemo;
			packageProductDependencies = (
				1898386126F39E1800A797C7 /* ResizableSheet */,
			);
			productName = ResizableSheetDemo;
			productReference = 1898384726F39CAB00A797C7 /* ResizableSheetDemo.app */;
			productType = "com.apple.product-type.application";
		};
/* End PBXNativeTarget section */

/* Begin PBXProject section */
		1898383F26F39CAB00A797C7 /* Project object */ = {
			isa = PBXProject;
			attributes = {
				BuildIndependentTargetsInParallel = 1;
				LastSwiftUpdateCheck = 1300;
				LastUpgradeCheck = 1300;
				TargetAttributes = {
					1898384626F39CAB00A797C7 = {
						CreatedOnToolsVersion = 13.0;
					};
				};
			};
			buildConfigurationList = 1898384226F39CAB00A797C7 /* Build configuration list for PBXProject "ResizableSheetDemo" */;
			compatibilityVersion = "Xcode 13.0";
			developmentRegion = en;
			hasScannedForEncodings = 0;
			knownRegions = (
				en,
				Base,
			);
			mainGroup = 1898383E26F39CAB00A797C7;
			packageReferences = (
				1898386026F39E1800A797C7 /* XCRemoteSwiftPackageReference "ResizableSheet" */,
			);
			productRefGroup = 1898384826F39CAB00A797C7 /* Products */;
			projectDirPath = "";
			projectRoot = "";
			targets = (
				1898384626F39CAB00A797C7 /* ResizableSheetDemo */,
			);
		};
/* End PBXProject section */

/* Begin PBXResourcesBuildPhase section */
		1898384526F39CAB00A797C7 /* Resources */ = {
			isa = PBXResourcesBuildPhase;
			buildActionMask = 2147483647;
			files = (
				1898385726F39CAC00A797C7 /* LaunchScreen.storyboard in Resources */,
				1898385426F39CAC00A797C7 /* Assets.xcassets in Resources */,
			);
			runOnlyForDeploymentPostprocessing = 0;
		};
/* End PBXResourcesBuildPhase section */

/* Begin PBXSourcesBuildPhase section */
		1898384326F39CAB00A797C7 /* Sources */ = {
			isa = PBXSourcesBuildPhase;
			buildActionMask = 2147483647;
			files = (
				189D6E5C26FC1C560025AB4D /* ScrollableSheet.swift in Sources */,
				187E23FA26FCC47700BA21F3 /* MultiSheet.swift in Sources */,
				1898384B26F39CAB00A797C7 /* AppDelegate.swift in Sources */,
				1898384D26F39CAB00A797C7 /* SceneDelegate.swift in Sources */,
				1898385F26F39D2400A797C7 /* RootView.swift in Sources */,
				1898386426F39F6300A797C7 /* SimpleSheet.swift in Sources */,
				189D6E5A26FB88D70025AB4D /* ParentControllabelSheet .swift in Sources */,
				1898386626F4971800A797C7 /* ComplexSheet.swift in Sources */,
				186592C026F86BCB00307D2E /* FullCustomizedSheet.swift in Sources */,
				189D6E5826FB6CB20025AB4D /* MediumSheet.swift in Sources */,
				189D6E5626FAB54E0025AB4D /* DynamicLayoutSheet.swift in Sources */,
			);
			runOnlyForDeploymentPostprocessing = 0;
		};
/* End PBXSourcesBuildPhase section */

/* Begin PBXVariantGroup section */
		1898385526F39CAC00A797C7 /* LaunchScreen.storyboard */ = {
			isa = PBXVariantGroup;
			children = (
				1898385626F39CAC00A797C7 /* Base */,
			);
			name = LaunchScreen.storyboard;
			sourceTree = "<group>";
		};
/* End PBXVariantGroup section */

/* Begin XCBuildConfiguration section */
		1898385926F39CAC00A797C7 /* Debug */ = {
			isa = XCBuildConfiguration;
			buildSettings = {
				ALWAYS_SEARCH_USER_PATHS = NO;
				CLANG_ANALYZER_NONNULL = YES;
				CLANG_ANALYZER_NUMBER_OBJECT_CONVERSION = YES_AGGRESSIVE;
				CLANG_CXX_LANGUAGE_STANDARD = "gnu++17";
				CLANG_CXX_LIBRARY = "libc++";
				CLANG_ENABLE_MODULES = YES;
				CLANG_ENABLE_OBJC_ARC = YES;
				CLANG_ENABLE_OBJC_WEAK = YES;
				CLANG_WARN_BLOCK_CAPTURE_AUTORELEASING = YES;
				CLANG_WARN_BOOL_CONVERSION = YES;
				CLANG_WARN_COMMA = YES;
				CLANG_WARN_CONSTANT_CONVERSION = YES;
				CLANG_WARN_DEPRECATED_OBJC_IMPLEMENTATIONS = YES;
				CLANG_WARN_DIRECT_OBJC_ISA_USAGE = YES_ERROR;
				CLANG_WARN_DOCUMENTATION_COMMENTS = YES;
				CLANG_WARN_EMPTY_BODY = YES;
				CLANG_WARN_ENUM_CONVERSION = YES;
				CLANG_WARN_INFINITE_RECURSION = YES;
				CLANG_WARN_INT_CONVERSION = YES;
				CLANG_WARN_NON_LITERAL_NULL_CONVERSION = YES;
				CLANG_WARN_OBJC_IMPLICIT_RETAIN_SELF = YES;
				CLANG_WARN_OBJC_LITERAL_CONVERSION = YES;
				CLANG_WARN_OBJC_ROOT_CLASS = YES_ERROR;
				CLANG_WARN_QUOTED_INCLUDE_IN_FRAMEWORK_HEADER = YES;
				CLANG_WARN_RANGE_LOOP_ANALYSIS = YES;
				CLANG_WARN_STRICT_PROTOTYPES = YES;
				CLANG_WARN_SUSPICIOUS_MOVE = YES;
				CLANG_WARN_UNGUARDED_AVAILABILITY = YES_AGGRESSIVE;
				CLANG_WARN_UNREACHABLE_CODE = YES;
				CLANG_WARN__DUPLICATE_METHOD_MATCH = YES;
				COPY_PHASE_STRIP = NO;
				DEBUG_INFORMATION_FORMAT = dwarf;
				ENABLE_STRICT_OBJC_MSGSEND = YES;
				ENABLE_TESTABILITY = YES;
				GCC_C_LANGUAGE_STANDARD = gnu11;
				GCC_DYNAMIC_NO_PIC = NO;
				GCC_NO_COMMON_BLOCKS = YES;
				GCC_OPTIMIZATION_LEVEL = 0;
				GCC_PREPROCESSOR_DEFINITIONS = (
					"DEBUG=1",
					"$(inherited)",
				);
				GCC_WARN_64_TO_32_BIT_CONVERSION = YES;
				GCC_WARN_ABOUT_RETURN_TYPE = YES_ERROR;
				GCC_WARN_UNDECLARED_SELECTOR = YES;
				GCC_WARN_UNINITIALIZED_AUTOS = YES_AGGRESSIVE;
				GCC_WARN_UNUSED_FUNCTION = YES;
				GCC_WARN_UNUSED_VARIABLE = YES;
				IPHONEOS_DEPLOYMENT_TARGET = 15.0;
				MTL_ENABLE_DEBUG_INFO = INCLUDE_SOURCE;
				MTL_FAST_MATH = YES;
				ONLY_ACTIVE_ARCH = YES;
				SDKROOT = iphoneos;
				SWIFT_ACTIVE_COMPILATION_CONDITIONS = DEBUG;
				SWIFT_OPTIMIZATION_LEVEL = "-Onone";
			};
			name = Debug;
		};
		1898385A26F39CAC00A797C7 /* Release */ = {
			isa = XCBuildConfiguration;
			buildSettings = {
				ALWAYS_SEARCH_USER_PATHS = NO;
				CLANG_ANALYZER_NONNULL = YES;
				CLANG_ANALYZER_NUMBER_OBJECT_CONVERSION = YES_AGGRESSIVE;
				CLANG_CXX_LANGUAGE_STANDARD = "gnu++17";
				CLANG_CXX_LIBRARY = "libc++";
				CLANG_ENABLE_MODULES = YES;
				CLANG_ENABLE_OBJC_ARC = YES;
				CLANG_ENABLE_OBJC_WEAK = YES;
				CLANG_WARN_BLOCK_CAPTURE_AUTORELEASING = YES;
				CLANG_WARN_BOOL_CONVERSION = YES;
				CLANG_WARN_COMMA = YES;
				CLANG_WARN_CONSTANT_CONVERSION = YES;
				CLANG_WARN_DEPRECATED_OBJC_IMPLEMENTATIONS = YES;
				CLANG_WARN_DIRECT_OBJC_ISA_USAGE = YES_ERROR;
				CLANG_WARN_DOCUMENTATION_COMMENTS = YES;
				CLANG_WARN_EMPTY_BODY = YES;
				CLANG_WARN_ENUM_CONVERSION = YES;
				CLANG_WARN_INFINITE_RECURSION = YES;
				CLANG_WARN_INT_CONVERSION = YES;
				CLANG_WARN_NON_LITERAL_NULL_CONVERSION = YES;
				CLANG_WARN_OBJC_IMPLICIT_RETAIN_SELF = YES;
				CLANG_WARN_OBJC_LITERAL_CONVERSION = YES;
				CLANG_WARN_OBJC_ROOT_CLASS = YES_ERROR;
				CLANG_WARN_QUOTED_INCLUDE_IN_FRAMEWORK_HEADER = YES;
				CLANG_WARN_RANGE_LOOP_ANALYSIS = YES;
				CLANG_WARN_STRICT_PROTOTYPES = YES;
				CLANG_WARN_SUSPICIOUS_MOVE = YES;
				CLANG_WARN_UNGUARDED_AVAILABILITY = YES_AGGRESSIVE;
				CLANG_WARN_UNREACHABLE_CODE = YES;
				CLANG_WARN__DUPLICATE_METHOD_MATCH = YES;
				COPY_PHASE_STRIP = NO;
				DEBUG_INFORMATION_FORMAT = "dwarf-with-dsym";
				ENABLE_NS_ASSERTIONS = NO;
				ENABLE_STRICT_OBJC_MSGSEND = YES;
				GCC_C_LANGUAGE_STANDARD = gnu11;
				GCC_NO_COMMON_BLOCKS = YES;
				GCC_WARN_64_TO_32_BIT_CONVERSION = YES;
				GCC_WARN_ABOUT_RETURN_TYPE = YES_ERROR;
				GCC_WARN_UNDECLARED_SELECTOR = YES;
				GCC_WARN_UNINITIALIZED_AUTOS = YES_AGGRESSIVE;
				GCC_WARN_UNUSED_FUNCTION = YES;
				GCC_WARN_UNUSED_VARIABLE = YES;
				IPHONEOS_DEPLOYMENT_TARGET = 15.0;
				MTL_ENABLE_DEBUG_INFO = NO;
				MTL_FAST_MATH = YES;
				SDKROOT = iphoneos;
				SWIFT_COMPILATION_MODE = wholemodule;
				SWIFT_OPTIMIZATION_LEVEL = "-O";
				VALIDATE_PRODUCT = YES;
			};
			name = Release;
		};
		1898385C26F39CAC00A797C7 /* Debug */ = {
			isa = XCBuildConfiguration;
			buildSettings = {
				ASSETCATALOG_COMPILER_APPICON_NAME = AppIcon;
				ASSETCATALOG_COMPILER_GLOBAL_ACCENT_COLOR_NAME = AccentColor;
				CODE_SIGN_STYLE = Automatic;
				CURRENT_PROJECT_VERSION = 1;
				DEVELOPMENT_TEAM = 79Q7G522V8;
				GENERATE_INFOPLIST_FILE = YES;
				INFOPLIST_FILE = ResizableSheetDemo/Info.plist;
				INFOPLIST_KEY_UIApplicationSupportsIndirectInputEvents = YES;
				INFOPLIST_KEY_UILaunchStoryboardName = LaunchScreen;
				INFOPLIST_KEY_UISupportedInterfaceOrientations_iPad = "UIInterfaceOrientationPortrait UIInterfaceOrientationPortraitUpsideDown UIInterfaceOrientationLandscapeLeft UIInterfaceOrientationLandscapeRight";
				INFOPLIST_KEY_UISupportedInterfaceOrientations_iPhone = "UIInterfaceOrientationPortrait UIInterfaceOrientationLandscapeLeft UIInterfaceOrientationLandscapeRight";
				LD_RUNPATH_SEARCH_PATHS = (
					"$(inherited)",
					"@executable_path/Frameworks",
				);
				MARKETING_VERSION = 1.0;
				PRODUCT_BUNDLE_IDENTIFIER = com.github.mtj0928.ResizableSheetDemo;
				PRODUCT_NAME = "$(TARGET_NAME)";
				SWIFT_EMIT_LOC_STRINGS = YES;
				SWIFT_VERSION = 5.0;
				TARGETED_DEVICE_FAMILY = "1,2";
			};
			name = Debug;
		};
		1898385D26F39CAC00A797C7 /* Release */ = {
			isa = XCBuildConfiguration;
			buildSettings = {
				ASSETCATALOG_COMPILER_APPICON_NAME = AppIcon;
				ASSETCATALOG_COMPILER_GLOBAL_ACCENT_COLOR_NAME = AccentColor;
				CODE_SIGN_STYLE = Automatic;
				CURRENT_PROJECT_VERSION = 1;
				DEVELOPMENT_TEAM = 79Q7G522V8;
				GENERATE_INFOPLIST_FILE = YES;
				INFOPLIST_FILE = ResizableSheetDemo/Info.plist;
				INFOPLIST_KEY_UIApplicationSupportsIndirectInputEvents = YES;
				INFOPLIST_KEY_UILaunchStoryboardName = LaunchScreen;
				INFOPLIST_KEY_UISupportedInterfaceOrientations_iPad = "UIInterfaceOrientationPortrait UIInterfaceOrientationPortraitUpsideDown UIInterfaceOrientationLandscapeLeft UIInterfaceOrientationLandscapeRight";
				INFOPLIST_KEY_UISupportedInterfaceOrientations_iPhone = "UIInterfaceOrientationPortrait UIInterfaceOrientationLandscapeLeft UIInterfaceOrientationLandscapeRight";
				LD_RUNPATH_SEARCH_PATHS = (
					"$(inherited)",
					"@executable_path/Frameworks",
				);
				MARKETING_VERSION = 1.0;
				PRODUCT_BUNDLE_IDENTIFIER = com.github.mtj0928.ResizableSheetDemo;
				PRODUCT_NAME = "$(TARGET_NAME)";
				SWIFT_EMIT_LOC_STRINGS = YES;
				SWIFT_VERSION = 5.0;
				TARGETED_DEVICE_FAMILY = "1,2";
			};
			name = Release;
		};
/* End XCBuildConfiguration section */

/* Begin XCConfigurationList section */
		1898384226F39CAB00A797C7 /* Build configuration list for PBXProject "ResizableSheetDemo" */ = {
			isa = XCConfigurationList;
			buildConfigurations = (
				1898385926F39CAC00A797C7 /* Debug */,
				1898385A26F39CAC00A797C7 /* Release */,
			);
			defaultConfigurationIsVisible = 0;
			defaultConfigurationName = Release;
		};
		1898385B26F39CAC00A797C7 /* Build configuration list for PBXNativeTarget "ResizableSheetDemo" */ = {
			isa = XCConfigurationList;
			buildConfigurations = (
				1898385C26F39CAC00A797C7 /* Debug */,
				1898385D26F39CAC00A797C7 /* Release */,
			);
			defaultConfigurationIsVisible = 0;
			defaultConfigurationName = Release;
		};
/* End XCConfigurationList section */

/* Begin XCRemoteSwiftPackageReference section */
		1898386026F39E1800A797C7 /* XCRemoteSwiftPackageReference "ResizableSheet" */ = {
			isa = XCRemoteSwiftPackageReference;
			repositoryURL = "https://github.com/mtj0928/ResizableSheet";
			requirement = {
				branch = main;
				kind = branch;
			};
		};
/* End XCRemoteSwiftPackageReference section */

/* Begin XCSwiftPackageProductDependency section */
		1898386126F39E1800A797C7 /* ResizableSheet */ = {
			isa = XCSwiftPackageProductDependency;
			package = 1898386026F39E1800A797C7 /* XCRemoteSwiftPackageReference "ResizableSheet" */;
			productName = ResizableSheet;
		};
/* End XCSwiftPackageProductDependency section */
	};
	rootObject = 1898383F26F39CAB00A797C7 /* Project object */;
}
